// !$*UTF8*$!
{
	archiveVersion = 1;
	classes = {
	};
	objectVersion = 46;
	objects = {

/* Begin PBXBuildFile section */
		9610205A19C2014F0019F28D /* Foundation.framework in Frameworks */ = {isa = PBXBuildFile; fileRef = 9610205919C2014F0019F28D /* Foundation.framework */; };
		9610205C19C2014F0019F28D /* CoreGraphics.framework in Frameworks */ = {isa = PBXBuildFile; fileRef = 9610205B19C2014F0019F28D /* CoreGraphics.framework */; };
		9610205E19C2014F0019F28D /* UIKit.framework in Frameworks */ = {isa = PBXBuildFile; fileRef = 9610205D19C2014F0019F28D /* UIKit.framework */; };
		9610206419C2014F0019F28D /* InfoPlist.strings in Resources */ = {isa = PBXBuildFile; fileRef = 9610206219C2014F0019F28D /* InfoPlist.strings */; };
		9610206619C2014F0019F28D /* main.m in Sources */ = {isa = PBXBuildFile; fileRef = 9610206519C2014F0019F28D /* main.m */; };
		9610206A19C2014F0019F28D /* TILTAppDelegate.m in Sources */ = {isa = PBXBuildFile; fileRef = 9610206919C2014F0019F28D /* TILTAppDelegate.m */; };
		9610206C19C2014F0019F28D /* Images.xcassets in Resources */ = {isa = PBXBuildFile; fileRef = 9610206B19C2014F0019F28D /* Images.xcassets */; };
		9610207319C2014F0019F28D /* XCTest.framework in Frameworks */ = {isa = PBXBuildFile; fileRef = 9610207219C2014F0019F28D /* XCTest.framework */; };
		9610207419C2014F0019F28D /* Foundation.framework in Frameworks */ = {isa = PBXBuildFile; fileRef = 9610205919C2014F0019F28D /* Foundation.framework */; };
		9610207519C2014F0019F28D /* UIKit.framework in Frameworks */ = {isa = PBXBuildFile; fileRef = 9610205D19C2014F0019F28D /* UIKit.framework */; };
		9610207D19C2014F0019F28D /* InfoPlist.strings in Resources */ = {isa = PBXBuildFile; fileRef = 9610207B19C2014F0019F28D /* InfoPlist.strings */; };
		9610207F19C2014F0019F28D /* TiltQuizTests.m in Sources */ = {isa = PBXBuildFile; fileRef = 9610207E19C2014F0019F28D /* TiltQuizTests.m */; };
/* End PBXBuildFile section */

/* Begin PBXContainerItemProxy section */
		9610207619C2014F0019F28D /* PBXContainerItemProxy */ = {
			isa = PBXContainerItemProxy;
			containerPortal = 9610204E19C2014F0019F28D /* Project object */;
			proxyType = 1;
			remoteGlobalIDString = 9610205519C2014F0019F28D;
			remoteInfo = TiltQuiz;
		};
/* End PBXContainerItemProxy section */

/* Begin PBXFileReference section */
		9610205619C2014F0019F28D /* TiltQuiz.app */ = {isa = PBXFileReference; explicitFileType = wrapper.application; includeInIndex = 0; path = TiltQuiz.app; sourceTree = BUILT_PRODUCTS_DIR; };
		9610205919C2014F0019F28D /* Foundation.framework */ = {isa = PBXFileReference; lastKnownFileType = wrapper.framework; name = Foundation.framework; path = System/Library/Frameworks/Foundation.framework; sourceTree = SDKROOT; };
		9610205B19C2014F0019F28D /* CoreGraphics.framework */ = {isa = PBXFileReference; lastKnownFileType = wrapper.framework; name = CoreGraphics.framework; path = System/Library/Frameworks/CoreGraphics.framework; sourceTree = SDKROOT; };
		9610205D19C2014F0019F28D /* UIKit.framework */ = {isa = PBXFileReference; lastKnownFileType = wrapper.framework; name = UIKit.framework; path = System/Library/Frameworks/UIKit.framework; sourceTree = SDKROOT; };
		9610206119C2014F0019F28D /* TiltQuiz-Info.plist */ = {isa = PBXFileReference; lastKnownFileType = text.plist.xml; path = "TiltQuiz-Info.plist"; sourceTree = "<group>"; };
		9610206319C2014F0019F28D /* en */ = {isa = PBXFileReference; lastKnownFileType = text.plist.strings; name = en; path = en.lproj/InfoPlist.strings; sourceTree = "<group>"; };
		9610206519C2014F0019F28D /* main.m */ = {isa = PBXFileReference; lastKnownFileType = sourcecode.c.objc; path = main.m; sourceTree = "<group>"; };
		9610206719C2014F0019F28D /* TiltQuiz-Prefix.pch */ = {isa = PBXFileReference; lastKnownFileType = sourcecode.c.h; path = "TiltQuiz-Prefix.pch"; sourceTree = "<group>"; };
		9610206819C2014F0019F28D /* TILTAppDelegate.h */ = {isa = PBXFileReference; lastKnownFileType = sourcecode.c.h; path = TILTAppDelegate.h; sourceTree = "<group>"; };
		9610206919C2014F0019F28D /* TILTAppDelegate.m */ = {isa = PBXFileReference; lastKnownFileType = sourcecode.c.objc; path = TILTAppDelegate.m; sourceTree = "<group>"; };
		9610206B19C2014F0019F28D /* Images.xcassets */ = {isa = PBXFileReference; lastKnownFileType = folder.assetcatalog; path = Images.xcassets; sourceTree = "<group>"; };
		9610207119C2014F0019F28D /* TiltQuizTests.xctest */ = {isa = PBXFileReference; explicitFileType = wrapper.cfbundle; includeInIndex = 0; path = TiltQuizTests.xctest; sourceTree = BUILT_PRODUCTS_DIR; };
		9610207219C2014F0019F28D /* XCTest.framework */ = {isa = PBXFileReference; lastKnownFileType = wrapper.framework; name = XCTest.framework; path = Library/Frameworks/XCTest.framework; sourceTree = DEVELOPER_DIR; };
		9610207A19C2014F0019F28D /* TiltQuizTests-Info.plist */ = {isa = PBXFileReference; lastKnownFileType = text.plist.xml; path = "TiltQuizTests-Info.plist"; sourceTree = "<group>"; };
		9610207C19C2014F0019F28D /* en */ = {isa = PBXFileReference; lastKnownFileType = text.plist.strings; name = en; path = en.lproj/InfoPlist.strings; sourceTree = "<group>"; };
		9610207E19C2014F0019F28D /* TiltQuizTests.m */ = {isa = PBXFileReference; lastKnownFileType = sourcecode.c.objc; path = TiltQuizTests.m; sourceTree = "<group>"; };
/* End PBXFileReference section */

/* Begin PBXFrameworksBuildPhase section */
		9610205319C2014F0019F28D /* Frameworks */ = {
			isa = PBXFrameworksBuildPhase;
			buildActionMask = 2147483647;
			files = (
				9610205C19C2014F0019F28D /* CoreGraphics.framework in Frameworks */,
				9610205E19C2014F0019F28D /* UIKit.framework in Frameworks */,
				9610205A19C2014F0019F28D /* Foundation.framework in Frameworks */,
			);
			runOnlyForDeploymentPostprocessing = 0;
		};
		9610206E19C2014F0019F28D /* Frameworks */ = {
			isa = PBXFrameworksBuildPhase;
			buildActionMask = 2147483647;
			files = (
				9610207319C2014F0019F28D /* XCTest.framework in Frameworks */,
				9610207519C2014F0019F28D /* UIKit.framework in Frameworks */,
				9610207419C2014F0019F28D /* Foundation.framework in Frameworks */,
			);
			runOnlyForDeploymentPostprocessing = 0;
		};
/* End PBXFrameworksBuildPhase section */

/* Begin PBXGroup section */
		9610204D19C2014F0019F28D = {
			isa = PBXGroup;
			children = (
				9610205F19C2014F0019F28D /* TiltQuiz */,
				9610207819C2014F0019F28D /* TiltQuizTests */,
				9610205819C2014F0019F28D /* Frameworks */,
				9610205719C2014F0019F28D /* Products */,
			);
			sourceTree = "<group>";
		};
		9610205719C2014F0019F28D /* Products */ = {
			isa = PBXGroup;
			children = (
				9610205619C2014F0019F28D /* TiltQuiz.app */,
				9610207119C2014F0019F28D /* TiltQuizTests.xctest */,
			);
			name = Products;
			sourceTree = "<group>";
		};
		9610205819C2014F0019F28D /* Frameworks */ = {
			isa = PBXGroup;
			children = (
				9610205919C2014F0019F28D /* Foundation.framework */,
				9610205B19C2014F0019F28D /* CoreGraphics.framework */,
				9610205D19C2014F0019F28D /* UIKit.framework */,
				9610207219C2014F0019F28D /* XCTest.framework */,
			);
			name = Frameworks;
			sourceTree = "<group>";
		};
		9610205F19C2014F0019F28D /* TiltQuiz */ = {
			isa = PBXGroup;
			children = (
				9610206819C2014F0019F28D /* TILTAppDelegate.h */,
				9610206919C2014F0019F28D /* TILTAppDelegate.m */,
				9610206B19C2014F0019F28D /* Images.xcassets */,
				9610206019C2014F0019F28D /* Supporting Files */,
			);
			path = TiltQuiz;
			sourceTree = "<group>";
		};
		9610206019C2014F0019F28D /* Supporting Files */ = {
			isa = PBXGroup;
			children = (
				9610206119C2014F0019F28D /* TiltQuiz-Info.plist */,
				9610206219C2014F0019F28D /* InfoPlist.strings */,
				9610206519C2014F0019F28D /* main.m */,
				9610206719C2014F0019F28D /* TiltQuiz-Prefix.pch */,
			);
			name = "Supporting Files";
			sourceTree = "<group>";
		};
		9610207819C2014F0019F28D /* TiltQuizTests */ = {
			isa = PBXGroup;
			children = (
				9610207E19C2014F0019F28D /* TiltQuizTests.m */,
				9610207919C2014F0019F28D /* Supporting Files */,
			);
			path = TiltQuizTests;
			sourceTree = "<group>";
		};
		9610207919C2014F0019F28D /* Supporting Files */ = {
			isa = PBXGroup;
			children = (
				9610207A19C2014F0019F28D /* TiltQuizTests-Info.plist */,
				9610207B19C2014F0019F28D /* InfoPlist.strings */,
			);
			name = "Supporting Files";
			sourceTree = "<group>";
		};
/* End PBXGroup section */

/* Begin PBXNativeTarget section */
		9610205519C2014F0019F28D /* TiltQuiz */ = {
			isa = PBXNativeTarget;
			buildConfigurationList = 9610208219C2014F0019F28D /* Build configuration list for PBXNativeTarget "TiltQuiz" */;
			buildPhases = (
				9610205219C2014F0019F28D /* Sources */,
				9610205319C2014F0019F28D /* Frameworks */,
				9610205419C2014F0019F28D /* Resources */,
			);
			buildRules = (
			);
			dependencies = (
			);
			name = TiltQuiz;
			productName = TiltQuiz;
			productReference = 9610205619C2014F0019F28D /* TiltQuiz.app */;
			productType = "com.apple.product-type.application";
		};
		9610207019C2014F0019F28D /* TiltQuizTests */ = {
			isa = PBXNativeTarget;
			buildConfigurationList = 9610208519C2014F0019F28D /* Build configuration list for PBXNativeTarget "TiltQuizTests" */;
			buildPhases = (
				9610206D19C2014F0019F28D /* Sources */,
				9610206E19C2014F0019F28D /* Frameworks */,
				9610206F19C2014F0019F28D /* Resources */,
			);
			buildRules = (
			);
			dependencies = (
				9610207719C2014F0019F28D /* PBXTargetDependency */,
			);
			name = TiltQuizTests;
			productName = TiltQuizTests;
			productReference = 9610207119C2014F0019F28D /* TiltQuizTests.xctest */;
			productType = "com.apple.product-type.bundle.unit-test";
		};
/* End PBXNativeTarget section */

/* Begin PBXProject section */
		9610204E19C2014F0019F28D /* Project object */ = {
			isa = PBXProject;
			attributes = {
				CLASSPREFIX = TILT;
				LastUpgradeCheck = 0510;
				ORGANIZATIONNAME = Tiltti;
				TargetAttributes = {
					9610207019C2014F0019F28D = {
						TestTargetID = 9610205519C2014F0019F28D;
					};
				};
			};
			buildConfigurationList = 9610205119C2014F0019F28D /* Build configuration list for PBXProject "TiltQuiz" */;
			compatibilityVersion = "Xcode 3.2";
			developmentRegion = English;
			hasScannedForEncodings = 0;
			knownRegions = (
				en,
			);
			mainGroup = 9610204D19C2014F0019F28D;
			productRefGroup = 9610205719C2014F0019F28D /* Products */;
			projectDirPath = "";
			projectRoot = "";
			targets = (
				9610205519C2014F0019F28D /* TiltQuiz */,
				9610207019C2014F0019F28D /* TiltQuizTests */,
			);
		};
/* End PBXProject section */

/* Begin PBXResourcesBuildPhase section */
		9610205419C2014F0019F28D /* Resources */ = {
			isa = PBXResourcesBuildPhase;
			buildActionMask = 2147483647;
			files = (
				9610206419C2014F0019F28D /* InfoPlist.strings in Resources */,
				9610206C19C2014F0019F28D /* Images.xcassets in Resources */,
			);
			runOnlyForDeploymentPostprocessing = 0;
		};
		9610206F19C2014F0019F28D /* Resources */ = {
			isa = PBXResourcesBuildPhase;
			buildActionMask = 2147483647;
			files = (
				9610207D19C2014F0019F28D /* InfoPlist.strings in Resources */,
			);
			runOnlyForDeploymentPostprocessing = 0;
		};
/* End PBXResourcesBuildPhase section */

/* Begin PBXSourcesBuildPhase section */
		9610205219C2014F0019F28D /* Sources */ = {
			isa = PBXSourcesBuildPhase;
			buildActionMask = 2147483647;
			files = (
				9610206619C2014F0019F28D /* main.m in Sources */,
				9610206A19C2014F0019F28D /* TILTAppDelegate.m in Sources */,
			);
			runOnlyForDeploymentPostprocessing = 0;
		};
		9610206D19C2014F0019F28D /* Sources */ = {
			isa = PBXSourcesBuildPhase;
			buildActionMask = 2147483647;
			files = (
				9610207F19C2014F0019F28D /* TiltQuizTests.m in Sources */,
			);
			runOnlyForDeploymentPostprocessing = 0;
		};
/* End PBXSourcesBuildPhase section */

/* Begin PBXTargetDependency section */
		9610207719C2014F0019F28D /* PBXTargetDependency */ = {
			isa = PBXTargetDependency;
			target = 9610205519C2014F0019F28D /* TiltQuiz */;
			targetProxy = 9610207619C2014F0019F28D /* PBXContainerItemProxy */;
		};
/* End PBXTargetDependency section */

/* Begin PBXVariantGroup section */
		9610206219C2014F0019F28D /* InfoPlist.strings */ = {
			isa = PBXVariantGroup;
			children = (
				9610206319C2014F0019F28D /* en */,
			);
			name = InfoPlist.strings;
			sourceTree = "<group>";
		};
		9610207B19C2014F0019F28D /* InfoPlist.strings */ = {
			isa = PBXVariantGroup;
			children = (
				9610207C19C2014F0019F28D /* en */,
			);
			name = InfoPlist.strings;
			sourceTree = "<group>";
		};
/* End PBXVariantGroup section */

/* Begin XCBuildConfiguration section */
		9610208019C2014F0019F28D /* Debug */ = {
			isa = XCBuildConfiguration;
			buildSettings = {
				ALWAYS_SEARCH_USER_PATHS = NO;
				CLANG_CXX_LANGUAGE_STANDARD = "gnu++0x";
				CLANG_CXX_LIBRARY = "libc++";
				CLANG_ENABLE_MODULES = YES;
				CLANG_ENABLE_OBJC_ARC = YES;
				CLANG_WARN_BOOL_CONVERSION = YES;
				CLANG_WARN_CONSTANT_CONVERSION = YES;
				CLANG_WARN_DIRECT_OBJC_ISA_USAGE = YES_ERROR;
				CLANG_WARN_EMPTY_BODY = YES;
				CLANG_WARN_ENUM_CONVERSION = YES;
				CLANG_WARN_INT_CONVERSION = YES;
				CLANG_WARN_OBJC_ROOT_CLASS = YES_ERROR;
				CLANG_WARN__DUPLICATE_METHOD_MATCH = YES;
				"CODE_SIGN_IDENTITY[sdk=iphoneos*]" = "iPhone Developer";
				COPY_PHASE_STRIP = NO;
				GCC_C_LANGUAGE_STANDARD = gnu99;
				GCC_DYNAMIC_NO_PIC = NO;
				GCC_OPTIMIZATION_LEVEL = 0;
				GCC_PREPROCESSOR_DEFINITIONS = (
					"DEBUG=1",
					"$(inherited)",
				);
				GCC_SYMBOLS_PRIVATE_EXTERN = NO;
				GCC_WARN_64_TO_32_BIT_CONVERSION = YES;
				GCC_WARN_ABOUT_RETURN_TYPE = YES_ERROR;
				GCC_WARN_UNDECLARED_SELECTOR = YES;
				GCC_WARN_UNINITIALIZED_AUTOS = YES_AGGRESSIVE;
				GCC_WARN_UNUSED_FUNCTION = YES;
				GCC_WARN_UNUSED_VARIABLE = YES;
				IPHONEOS_DEPLOYMENT_TARGET = 7.1;
				ONLY_ACTIVE_ARCH = YES;
				SDKROOT = iphoneos;
			};
			name = Debug;
		};
		9610208119C2014F0019F28D /* Release */ = {
			isa = XCBuildConfiguration;
			buildSettings = {
				ALWAYS_SEARCH_USER_PATHS = NO;
				CLANG_CXX_LANGUAGE_STANDARD = "gnu++0x";
				CLANG_CXX_LIBRARY = "libc++";
				CLANG_ENABLE_MODULES = YES;
				CLANG_ENABLE_OBJC_ARC = YES;
				CLANG_WARN_BOOL_CONVERSION = YES;
				CLANG_WARN_CONSTANT_CONVERSION = YES;
				CLANG_WARN_DIRECT_OBJC_ISA_USAGE = YES_ERROR;
				CLANG_WARN_EMPTY_BODY = YES;
				CLANG_WARN_ENUM_CONVERSION = YES;
				CLANG_WARN_INT_CONVERSION = YES;
				CLANG_WARN_OBJC_ROOT_CLASS = YES_ERROR;
				CLANG_WARN__DUPLICATE_METHOD_MATCH = YES;
				"CODE_SIGN_IDENTITY[sdk=iphoneos*]" = "iPhone Developer";
				COPY_PHASE_STRIP = YES;
				ENABLE_NS_ASSERTIONS = NO;
				GCC_C_LANGUAGE_STANDARD = gnu99;
				GCC_WARN_64_TO_32_BIT_CONVERSION = YES;
				GCC_WARN_ABOUT_RETURN_TYPE = YES_ERROR;
				GCC_WARN_UNDECLARED_SELECTOR = YES;
				GCC_WARN_UNINITIALIZED_AUTOS = YES_AGGRESSIVE;
				GCC_WARN_UNUSED_FUNCTION = YES;
				GCC_WARN_UNUSED_VARIABLE = YES;
				IPHONEOS_DEPLOYMENT_TARGET = 7.1;
				SDKROOT = iphoneos;
				VALIDATE_PRODUCT = YES;
			};
			name = Release;
		};
		9610208319C2014F0019F28D /* Debug */ = {
			isa = XCBuildConfiguration;
			buildSettings = {
				ASSETCATALOG_COMPILER_APPICON_NAME = AppIcon;
				ASSETCATALOG_COMPILER_LAUNCHIMAGE_NAME = LaunchImage;
				GCC_PRECOMPILE_PREFIX_HEADER = YES;
				GCC_PREFIX_HEADER = "TiltQuiz/TiltQuiz-Prefix.pch";
				INFOPLIST_FILE = "TiltQuiz/TiltQuiz-Info.plist";
				PRODUCT_NAME = "$(TARGET_NAME)";
				WRAPPER_EXTENSION = app;
			};
			name = Debug;
		};
		9610208419C2014F0019F28D /* Release */ = {
			isa = XCBuildConfiguration;
			buildSettings = {
				ASSETCATALOG_COMPILER_APPICON_NAME = AppIcon;
				ASSETCATALOG_COMPILER_LAUNCHIMAGE_NAME = LaunchImage;
				GCC_PRECOMPILE_PREFIX_HEADER = YES;
				GCC_PREFIX_HEADER = "TiltQuiz/TiltQuiz-Prefix.pch";
				INFOPLIST_FILE = "TiltQuiz/TiltQuiz-Info.plist";
				PRODUCT_NAME = "$(TARGET_NAME)";
				WRAPPER_EXTENSION = app;
			};
			name = Release;
		};
		9610208619C2014F0019F28D /* Debug */ = {
			isa = XCBuildConfiguration;
			buildSettings = {
				BUNDLE_LOADER = "$(BUILT_PRODUCTS_DIR)/TiltQuiz.app/TiltQuiz";
				FRAMEWORK_SEARCH_PATHS = (
					"$(SDKROOT)/Developer/Library/Frameworks",
					"$(inherited)",
					"$(DEVELOPER_FRAMEWORKS_DIR)",
				);
				GCC_PRECOMPILE_PREFIX_HEADER = YES;
				GCC_PREFIX_HEADER = "TiltQuiz/TiltQuiz-Prefix.pch";
				GCC_PREPROCESSOR_DEFINITIONS = (
					"DEBUG=1",
					"$(inherited)",
				);
				INFOPLIST_FILE = "TiltQuizTests/TiltQuizTests-Info.plist";
				PRODUCT_NAME = "$(TARGET_NAME)";
				TEST_HOST = "$(BUNDLE_LOADER)";
				WRAPPER_EXTENSION = xctest;
			};
			name = Debug;
		};
		9610208719C2014F0019F28D /* Release */ = {
			isa = XCBuildConfiguration;
			buildSettings = {
				BUNDLE_LOADER = "$(BUILT_PRODUCTS_DIR)/TiltQuiz.app/TiltQuiz";
				FRAMEWORK_SEARCH_PATHS = (
					"$(SDKROOT)/Developer/Library/Frameworks",
					"$(inherited)",
					"$(DEVELOPER_FRAMEWORKS_DIR)",
				);
				GCC_PRECOMPILE_PREFIX_HEADER = YES;
				GCC_PREFIX_HEADER = "TiltQuiz/TiltQuiz-Prefix.pch";
				INFOPLIST_FILE = "TiltQuizTests/TiltQuizTests-Info.plist";
				PRODUCT_NAME = "$(TARGET_NAME)";
				TEST_HOST = "$(BUNDLE_LOADER)";
				WRAPPER_EXTENSION = xctest;
			};
			name = Release;
		};
/* End XCBuildConfiguration section */

/* Begin XCConfigurationList section */
		9610205119C2014F0019F28D /* Build configuration list for PBXProject "TiltQuiz" */ = {
			isa = XCConfigurationList;
			buildConfigurations = (
				9610208019C2014F0019F28D /* Debug */,
				9610208119C2014F0019F28D /* Release */,
			);
			defaultConfigurationIsVisible = 0;
			defaultConfigurationName = Release;
		};
		9610208219C2014F0019F28D /* Build configuration list for PBXNativeTarget "TiltQuiz" */ = {
			isa = XCConfigurationList;
			buildConfigurations = (
				9610208319C2014F0019F28D /* Debug */,
				9610208419C2014F0019F28D /* Release */,
			);
			defaultConfigurationIsVisible = 0;
		};
		9610208519C2014F0019F28D /* Build configuration list for PBXNativeTarget "TiltQuizTests" */ = {
			isa = XCConfigurationList;
			buildConfigurations = (
				9610208619C2014F0019F28D /* Debug */,
				9610208719C2014F0019F28D /* Release */,
			);
			defaultConfigurationIsVisible = 0;
		};
/* End XCConfigurationList section */
	};
	rootObject = 9610204E19C2014F0019F28D /* Project object */;
}
